
Microsoft Visual Studio Solution File, Format Version 12.00
# Visual Studio Version 17
VisualStudioVersion = 17.5.33530.505
MinimumVisualStudioVersion = 10.0.40219.1
Project("{FAE04EC0-301F-11D3-BF4B-00C04F79EFBC}") = "webbanhang", "webbanhang\webbanhang.csproj", "{AA1B5631-4CF1-4FC3-A3E8-0CA80EE6E894}"
EndProject
Global
	GlobalSection(SolutionConfigurationPlatforms) = preSolution
		Debug|Any CPU = Debug|Any CPU
		Release|Any CPU = Release|Any CPU
	EndGlobalSection
	GlobalSection(ProjectConfigurationPlatforms) = postSolution
		{AA1B5631-4CF1-4FC3-A3E8-0CA80EE6E894}.Debug|Any CPU.ActiveCfg = Debug|Any CPU
		{AA1B5631-4CF1-4FC3-A3E8-0CA80EE6E894}.Debug|Any CPU.Build.0 = Debug|Any CPU
		{AA1B5631-4CF1-4FC3-A3E8-0CA80EE6E894}.Release|Any CPU.ActiveCfg = Release|Any CPU
		{AA1B5631-4CF1-4FC3-A3E8-0CA80EE6E894}.Release|Any CPU.Build.0 = Release|Any CPU
	EndGlobalSection
	GlobalSection(SolutionProperties) = preSolution
		HideSolutionNode = FALSE
	EndGlobalSection
	GlobalSection(ExtensibilityGlobals) = postSolution
		SolutionGuid = {79018517-D841-4B69-9B4D-6EF6C865E7AB}
	EndGlobalSection
EndGlobal
